github.com/google/uuid v1.6.0 h1:NIvaJDMOsjHA8n1jAhLSgzrAzy1Hgr+hNrb57e+94F0=
github.com/google/uuid v1.6.0/go.mod h1:TIyPZe4MgqvfeYDBFedMoGGpEw/LqOeaOT+nhxU+yHo=
github.com/unicom-jf/blockchain/backend/golang/blockchain v0.0.0-20240807012944-0f9ed5ec22d5 h1:piRWOFo3dZfVBZBArtB0rUhaX0c/rRlDjouJazsaG80=
github.com/unicom-jf/blockchain/backend/golang/blockchain v0.0.0-20240807012944-0f9ed5ec22d5/go.mod h1:UlEmQksX8QvyOBMuCJOPdIwnIw/ZRXV/jBRN6K5DuZ0=
github.com/unicom-jf/blockchain/backend/golang/utils v0.0.0-20240807011203-ef979f37cbc5 h1:5+xTNGd8HPHJVZoaoa+6A5TxAEmpLalNWwTWb8AlVZo=
github.com/unicom-jf/blockchain/backend/golang/utils v0.0.0-20240807011203-ef979f37cbc5/go.mod h1:9jOuZZd1LDnONMWQBjlXdKffML3VN3gsKZ7nUkGhQ7Q=
